
Microsoft Visual Studio Solution File, Format Version 12.00
# Visual Studio 15
VisualStudioVersion = 15.0.28307.645
MinimumVisualStudioVersion = 10.0.40219.1
Project("{FAE04EC0-301F-11D3-BF4B-00C04F79EFBC}") = "HDT", "HDT\HDT.csproj", "{FAF91924-8814-4F13-889D-C380324879CA}"
EndProject
Global
	GlobalSection(SolutionConfigurationPlatforms) = preSolution
		Debug|Any CPU = Debug|Any CPU
		Release|Any CPU = Release|Any CPU
	EndGlobalSection
	GlobalSection(ProjectConfigurationPlatforms) = postSolution
		{FAF91924-8814-4F13-889D-C380324879CA}.Debug|Any CPU.ActiveCfg = Debug|Any CPU
		{FAF91924-8814-4F13-889D-C380324879CA}.Debug|Any CPU.Build.0 = Debug|Any CPU
		{FAF91924-8814-4F13-889D-C380324879CA}.Release|Any CPU.ActiveCfg = Release|Any CPU
		{FAF91924-8814-4F13-889D-C380324879CA}.Release|Any CPU.Build.0 = Release|Any CPU
	EndGlobalSection
	GlobalSection(SolutionProperties) = preSolution
		HideSolutionNode = FALSE
	EndGlobalSection
	GlobalSection(ExtensibilityGlobals) = postSolution
		SolutionGuid = {C36BEFDC-8E17-43DE-A8D5-97BC75B9B39E}
	EndGlobalSection
EndGlobal
