
Microsoft Visual Studio Solution File, Format Version 12.00
# Visual Studio 15
VisualStudioVersion = 15.0.28307.645
MinimumVisualStudioVersion = 10.0.40219.1
Project("{FAE04EC0-301F-11D3-BF4B-00C04F79EFBC}") = "QL_vai", "QL_vai\QL_vai.csproj", "{796409CA-529B-4FE4-BA3A-C9287D74B1B5}"
EndProject
Global
	GlobalSection(SolutionConfigurationPlatforms) = preSolution
		Debug|Any CPU = Debug|Any CPU
		Release|Any CPU = Release|Any CPU
	EndGlobalSection
	GlobalSection(ProjectConfigurationPlatforms) = postSolution
		{796409CA-529B-4FE4-BA3A-C9287D74B1B5}.Debug|Any CPU.ActiveCfg = Debug|Any CPU
		{796409CA-529B-4FE4-BA3A-C9287D74B1B5}.Debug|Any CPU.Build.0 = Debug|Any CPU
		{796409CA-529B-4FE4-BA3A-C9287D74B1B5}.Release|Any CPU.ActiveCfg = Release|Any CPU
		{796409CA-529B-4FE4-BA3A-C9287D74B1B5}.Release|Any CPU.Build.0 = Release|Any CPU
	EndGlobalSection
	GlobalSection(SolutionProperties) = preSolution
		HideSolutionNode = FALSE
	EndGlobalSection
	GlobalSection(ExtensibilityGlobals) = postSolution
		SolutionGuid = {DD3BD519-A211-437F-B6BA-4567C90D6D38}
	EndGlobalSection
EndGlobal
