
Microsoft Visual Studio Solution File, Format Version 12.00
# Visual Studio 15
VisualStudioVersion = 15.0.28010.2026
MinimumVisualStudioVersion = 10.0.40219.1
Project("{FAE04EC0-301F-11D3-BF4B-00C04F79EFBC}") = "bai tap", "bai tap\bai tap.csproj", "{482CCF3E-2E2B-47C3-8C8A-1AD16B183885}"
EndProject
Global
	GlobalSection(SolutionConfigurationPlatforms) = preSolution
		Debug|Any CPU = Debug|Any CPU
		Release|Any CPU = Release|Any CPU
	EndGlobalSection
	GlobalSection(ProjectConfigurationPlatforms) = postSolution
		{482CCF3E-2E2B-47C3-8C8A-1AD16B183885}.Debug|Any CPU.ActiveCfg = Debug|Any CPU
		{482CCF3E-2E2B-47C3-8C8A-1AD16B183885}.Debug|Any CPU.Build.0 = Debug|Any CPU
		{482CCF3E-2E2B-47C3-8C8A-1AD16B183885}.Release|Any CPU.ActiveCfg = Release|Any CPU
		{482CCF3E-2E2B-47C3-8C8A-1AD16B183885}.Release|Any CPU.Build.0 = Release|Any CPU
	EndGlobalSection
	GlobalSection(SolutionProperties) = preSolution
		HideSolutionNode = FALSE
	EndGlobalSection
	GlobalSection(ExtensibilityGlobals) = postSolution
		SolutionGuid = {65CA3BA9-E2CC-44F5-A0A5-872D9F735F43}
	EndGlobalSection
EndGlobal
