
Microsoft Visual Studio Solution File, Format Version 12.00
# Visual Studio 15
VisualStudioVersion = 15.0.28010.2026
MinimumVisualStudioVersion = 10.0.40219.1
Project("{FAE04EC0-301F-11D3-BF4B-00C04F79EFBC}") = "3", "3\3.csproj", "{ACD829A1-DAE6-4554-B0DC-C0F01F606D4A}"
EndProject
Global
	GlobalSection(SolutionConfigurationPlatforms) = preSolution
		Debug|Any CPU = Debug|Any CPU
		Release|Any CPU = Release|Any CPU
	EndGlobalSection
	GlobalSection(ProjectConfigurationPlatforms) = postSolution
		{ACD829A1-DAE6-4554-B0DC-C0F01F606D4A}.Debug|Any CPU.ActiveCfg = Debug|Any CPU
		{ACD829A1-DAE6-4554-B0DC-C0F01F606D4A}.Debug|Any CPU.Build.0 = Debug|Any CPU
		{ACD829A1-DAE6-4554-B0DC-C0F01F606D4A}.Release|Any CPU.ActiveCfg = Release|Any CPU
		{ACD829A1-DAE6-4554-B0DC-C0F01F606D4A}.Release|Any CPU.Build.0 = Release|Any CPU
	EndGlobalSection
	GlobalSection(SolutionProperties) = preSolution
		HideSolutionNode = FALSE
	EndGlobalSection
	GlobalSection(ExtensibilityGlobals) = postSolution
		SolutionGuid = {91A367B4-E41A-4229-8714-29AA8C939D7C}
	EndGlobalSection
EndGlobal
