
Microsoft Visual Studio Solution File, Format Version 12.00
# Visual Studio Version 16
VisualStudioVersion = 16.0.30225.117
MinimumVisualStudioVersion = 10.0.40219.1
Project("{F184B08F-C81C-45F6-A57F-5ABD9991F28F}") = "fresher", "fresher\fresher.vbproj", "{FFC8044B-FB5A-4CF6-9C63-AD1EA9F43916}"
EndProject
Global
	GlobalSection(SolutionConfigurationPlatforms) = preSolution
		Debug|Any CPU = Debug|Any CPU
		Release|Any CPU = Release|Any CPU
	EndGlobalSection
	GlobalSection(ProjectConfigurationPlatforms) = postSolution
		{FFC8044B-FB5A-4CF6-9C63-AD1EA9F43916}.Debug|Any CPU.ActiveCfg = Debug|Any CPU
		{FFC8044B-FB5A-4CF6-9C63-AD1EA9F43916}.Debug|Any CPU.Build.0 = Debug|Any CPU
		{FFC8044B-FB5A-4CF6-9C63-AD1EA9F43916}.Release|Any CPU.ActiveCfg = Release|Any CPU
		{FFC8044B-FB5A-4CF6-9C63-AD1EA9F43916}.Release|Any CPU.Build.0 = Release|Any CPU
	EndGlobalSection
	GlobalSection(SolutionProperties) = preSolution
		HideSolutionNode = FALSE
	EndGlobalSection
	GlobalSection(ExtensibilityGlobals) = postSolution
		SolutionGuid = {178502A1-B2C0-4C0B-A84F-7E5EF248367C}
	EndGlobalSection
EndGlobal
